{
  "socketPath": "/tmp/mcp-Wy2WcN/mcp.sock",
  "scheme": "unix",
  "headers": {
    "Authorization": "Nonce 665b0010-e481-415b-a4c9-c6a09fd45634"
  },
  "pid": 17392,
  "ideName": "Visual Studio Code",
  "timestamp": 1775027884972,
  "workspaceFolders": [
    "/teamspace/studios/this_studio"
  ],
  "isTrusted": true
}