{
  "socketPath": "/tmp/mcp-XeVlnI/mcp.sock",
  "scheme": "unix",
  "headers": {
    "Authorization": "Nonce 66cf8e11-468b-4f5a-b673-2c8feb10ced6"
  },
  "pid": 299627,
  "ideName": "Visual Studio Code",
  "timestamp": 1775023007706,
  "workspaceFolders": [
    "/teamspace/studios/this_studio"
  ],
  "isTrusted": true
}