{
  "socketPath": "/tmp/mcp-Efwq0F/mcp.sock",
  "scheme": "unix",
  "headers": {
    "Authorization": "Nonce 8ec8ba5c-e4e1-4897-9bef-fd7e284ab7b5"
  },
  "pid": 15216,
  "ideName": "Visual Studio Code",
  "timestamp": 1774368796881,
  "workspaceFolders": [
    "/teamspace/studios/this_studio/DEM_MCM"
  ],
  "isTrusted": true
}